
Microsoft Visual Studio Solution File, Format Version 12.00
# Visual Studio Version 17
VisualStudioVersion = 17.13.35828.75 d17.13
MinimumVisualStudioVersion = 10.0.40219.1
Project("{FAE04EC0-301F-11D3-BF4B-00C04F79EFBC}") = "ProblemaDoElevador", "ProblemaDoElevador.csproj", "{9E8AC6DA-24D7-44C2-836D-DEB0D1F210C0}"
EndProject
Global
	GlobalSection(SolutionConfigurationPlatforms) = preSolution
		Debug|Any CPU = Debug|Any CPU
		Release|Any CPU = Release|Any CPU
	EndGlobalSection
	GlobalSection(ProjectConfigurationPlatforms) = postSolution
		{9E8AC6DA-24D7-44C2-836D-DEB0D1F210C0}.Debug|Any CPU.ActiveCfg = Debug|Any CPU
		{9E8AC6DA-24D7-44C2-836D-DEB0D1F210C0}.Debug|Any CPU.Build.0 = Debug|Any CPU
		{9E8AC6DA-24D7-44C2-836D-DEB0D1F210C0}.Release|Any CPU.ActiveCfg = Release|Any CPU
		{9E8AC6DA-24D7-44C2-836D-DEB0D1F210C0}.Release|Any CPU.Build.0 = Release|Any CPU
	EndGlobalSection
	GlobalSection(SolutionProperties) = preSolution
		HideSolutionNode = FALSE
	EndGlobalSection
	GlobalSection(ExtensibilityGlobals) = postSolution
		SolutionGuid = {20D60E8B-5D69-4205-BDAB-C12CF448F40B}
	EndGlobalSection
EndGlobal
